
Microsoft Visual Studio Solution File, Format Version 12.00
# Visual Studio Version 17
VisualStudioVersion = 17.14.36202.13 d17.14
MinimumVisualStudioVersion = 10.0.40219.1
Project("{FAE04EC0-301F-11D3-BF4B-00C04F79EFBC}") = "Projeto", "Projeto.csproj", "{E56D5DB2-5AF8-4DA9-A54C-253E08F6ECAA}"
EndProject
Global
	GlobalSection(SolutionConfigurationPlatforms) = preSolution
		Debug|Any CPU = Debug|Any CPU
		Release|Any CPU = Release|Any CPU
	EndGlobalSection
	GlobalSection(ProjectConfigurationPlatforms) = postSolution
		{E56D5DB2-5AF8-4DA9-A54C-253E08F6ECAA}.Debug|Any CPU.ActiveCfg = Debug|Any CPU
		{E56D5DB2-5AF8-4DA9-A54C-253E08F6ECAA}.Debug|Any CPU.Build.0 = Debug|Any CPU
		{E56D5DB2-5AF8-4DA9-A54C-253E08F6ECAA}.Release|Any CPU.ActiveCfg = Release|Any CPU
		{E56D5DB2-5AF8-4DA9-A54C-253E08F6ECAA}.Release|Any CPU.Build.0 = Release|Any CPU
	EndGlobalSection
	GlobalSection(SolutionProperties) = preSolution
		HideSolutionNode = FALSE
	EndGlobalSection
	GlobalSection(ExtensibilityGlobals) = postSolution
		SolutionGuid = {18532EA4-4D1A-4DB9-91D2-D96E9449D4BB}
	EndGlobalSection
EndGlobal
